
Microsoft Visual Studio Solution File, Format Version 12.00
# Visual Studio Version 17
VisualStudioVersion = 17.14.36705.20 d17.14
MinimumVisualStudioVersion = 10.0.40219.1
Project("{FAE04EC0-301F-11D3-BF4B-00C04F79EFBC}") = "trading-bot-dotnet", "trading-bot-dotnet.csproj", "{B4396222-3D7F-4F8C-BCD6-027D058F585D}"
EndProject
Global
	GlobalSection(SolutionConfigurationPlatforms) = preSolution
		Debug|Any CPU = Debug|Any CPU
		Release|Any CPU = Release|Any CPU
	EndGlobalSection
	GlobalSection(ProjectConfigurationPlatforms) = postSolution
		{B4396222-3D7F-4F8C-BCD6-027D058F585D}.Debug|Any CPU.ActiveCfg = Debug|Any CPU
		{B4396222-3D7F-4F8C-BCD6-027D058F585D}.Debug|Any CPU.Build.0 = Debug|Any CPU
		{B4396222-3D7F-4F8C-BCD6-027D058F585D}.Release|Any CPU.ActiveCfg = Release|Any CPU
		{B4396222-3D7F-4F8C-BCD6-027D058F585D}.Release|Any CPU.Build.0 = Release|Any CPU
	EndGlobalSection
	GlobalSection(SolutionProperties) = preSolution
		HideSolutionNode = FALSE
	EndGlobalSection
	GlobalSection(ExtensibilityGlobals) = postSolution
		SolutionGuid = {B2B8748C-CDAB-4223-8517-4F477F03C8D1}
	EndGlobalSection
EndGlobal
